// !$*UTF8*$!
{
	archiveVersion = 1;
	classes = {
	};
	objectVersion = 56;
	objects = {

/* Begin PBXBuildFile section */
		810CB0B52C76181B00B3CBF4 /* SelectCurrency.swift in Sources */ = {isa = PBXBuildFile; fileRef = 810CB0B42C76181B00B3CBF4 /* SelectCurrency.swift */; };
		810CB0B72C76202100B3CBF4 /* CurrencyIcon.swift in Sources */ = {isa = PBXBuildFile; fileRef = 810CB0B62C76202100B3CBF4 /* CurrencyIcon.swift */; };
		810CB0B92C7628F500B3CBF4 /* Currency.swift in Sources */ = {isa = PBXBuildFile; fileRef = 810CB0B82C7628F500B3CBF4 /* Currency.swift */; };
		810CB0BB2C7636E400B3CBF4 /* IconGrid.swift in Sources */ = {isa = PBXBuildFile; fileRef = 810CB0BA2C7636E400B3CBF4 /* IconGrid.swift */; };
		810CB0BD2C765AA700B3CBF4 /* CurrencyTip.swift in Sources */ = {isa = PBXBuildFile; fileRef = 810CB0BC2C765AA700B3CBF4 /* CurrencyTip.swift */; };
		81CF77E62C75132800ACA807 /* Coins_ConverterApp.swift in Sources */ = {isa = PBXBuildFile; fileRef = 81CF77E52C75132800ACA807 /* Coins_ConverterApp.swift */; };
		81CF77E82C75132800ACA807 /* ContentView.swift in Sources */ = {isa = PBXBuildFile; fileRef = 81CF77E72C75132800ACA807 /* ContentView.swift */; };
		81CF77EA2C75132B00ACA807 /* Assets.xcassets in Resources */ = {isa = PBXBuildFile; fileRef = 81CF77E92C75132B00ACA807 /* Assets.xcassets */; };
		81CF77ED2C75132B00ACA807 /* Preview Assets.xcassets in Resources */ = {isa = PBXBuildFile; fileRef = 81CF77EC2C75132B00ACA807 /* Preview Assets.xcassets */; };
		81CF77F42C752D3400ACA807 /* ExchangeInfo.swift in Sources */ = {isa = PBXBuildFile; fileRef = 81CF77F32C752D3400ACA807 /* ExchangeInfo.swift */; };
		81CF77F62C7531D400ACA807 /* ExchangeRate.swift in Sources */ = {isa = PBXBuildFile; fileRef = 81CF77F52C7531D400ACA807 /* ExchangeRate.swift */; };
/* End PBXBuildFile section */

/* Begin PBXFileReference section */
		810CB0B42C76181B00B3CBF4 /* SelectCurrency.swift */ = {isa = PBXFileReference; lastKnownFileType = sourcecode.swift; path = SelectCurrency.swift; sourceTree = "<group>"; };
		810CB0B62C76202100B3CBF4 /* CurrencyIcon.swift */ = {isa = PBXFileReference; lastKnownFileType = sourcecode.swift; path = CurrencyIcon.swift; sourceTree = "<group>"; };
		810CB0B82C7628F500B3CBF4 /* Currency.swift */ = {isa = PBXFileReference; lastKnownFileType = sourcecode.swift; path = Currency.swift; sourceTree = "<group>"; };
		810CB0BA2C7636E400B3CBF4 /* IconGrid.swift */ = {isa = PBXFileReference; lastKnownFileType = sourcecode.swift; path = IconGrid.swift; sourceTree = "<group>"; };
		810CB0BC2C765AA700B3CBF4 /* CurrencyTip.swift */ = {isa = PBXFileReference; lastKnownFileType = sourcecode.swift; path = CurrencyTip.swift; sourceTree = "<group>"; };
		81CF77E22C75132800ACA807 /* Coins Converter.app */ = {isa = PBXFileReference; explicitFileType = wrapper.application; includeInIndex = 0; path = "Coins Converter.app"; sourceTree = BUILT_PRODUCTS_DIR; };
		81CF77E52C75132800ACA807 /* Coins_ConverterApp.swift */ = {isa = PBXFileReference; lastKnownFileType = sourcecode.swift; path = Coins_ConverterApp.swift; sourceTree = "<group>"; };
		81CF77E72C75132800ACA807 /* ContentView.swift */ = {isa = PBXFileReference; lastKnownFileType = sourcecode.swift; path = ContentView.swift; sourceTree = "<group>"; };
		81CF77E92C75132B00ACA807 /* Assets.xcassets */ = {isa = PBXFileReference; lastKnownFileType = folder.assetcatalog; path = Assets.xcassets; sourceTree = "<group>"; };
		81CF77EC2C75132B00ACA807 /* Preview Assets.xcassets */ = {isa = PBXFileReference; lastKnownFileType = folder.assetcatalog; path = "Preview Assets.xcassets"; sourceTree = "<group>"; };
		81CF77F32C752D3400ACA807 /* ExchangeInfo.swift */ = {isa = PBXFileReference; lastKnownFileType = sourcecode.swift; path = ExchangeInfo.swift; sourceTree = "<group>"; };
		81CF77F52C7531D400ACA807 /* ExchangeRate.swift */ = {isa = PBXFileReference; lastKnownFileType = sourcecode.swift; path = ExchangeRate.swift; sourceTree = "<group>"; };
/* End PBXFileReference section */

/* Begin PBXFrameworksBuildPhase section */
		81CF77DF2C75132800ACA807 /* Frameworks */ = {
			isa = PBXFrameworksBuildPhase;
			buildActionMask = 2147483647;
			files = (
			);
			runOnlyForDeploymentPostprocessing = 0;
		};
/* End PBXFrameworksBuildPhase section */

/* Begin PBXGroup section */
		81CF77D92C75132800ACA807 = {
			isa = PBXGroup;
			children = (
				81CF77E42C75132800ACA807 /* Coins Converter */,
				81CF77E32C75132800ACA807 /* Products */,
			);
			sourceTree = "<group>";
		};
		81CF77E32C75132800ACA807 /* Products */ = {
			isa = PBXGroup;
			children = (
				81CF77E22C75132800ACA807 /* Coins Converter.app */,
			);
			name = Products;
			sourceTree = "<group>";
		};
		81CF77E42C75132800ACA807 /* Coins Converter */ = {
			isa = PBXGroup;
			children = (
				81CF77E52C75132800ACA807 /* Coins_ConverterApp.swift */,
				810CB0B82C7628F500B3CBF4 /* Currency.swift */,
				81CF77E72C75132800ACA807 /* ContentView.swift */,
				810CB0B42C76181B00B3CBF4 /* SelectCurrency.swift */,
				810CB0BA2C7636E400B3CBF4 /* IconGrid.swift */,
				810CB0B62C76202100B3CBF4 /* CurrencyIcon.swift */,
				81CF77F32C752D3400ACA807 /* ExchangeInfo.swift */,
				81CF77F52C7531D400ACA807 /* ExchangeRate.swift */,
				810CB0BC2C765AA700B3CBF4 /* CurrencyTip.swift */,
				81CF77E92C75132B00ACA807 /* Assets.xcassets */,
				81CF77EB2C75132B00ACA807 /* Preview Content */,
			);
			path = "Coins Converter";
			sourceTree = "<group>";
		};
		81CF77EB2C75132B00ACA807 /* Preview Content */ = {
			isa = PBXGroup;
			children = (
				81CF77EC2C75132B00ACA807 /* Preview Assets.xcassets */,
			);
			path = "Preview Content";
			sourceTree = "<group>";
		};
/* End PBXGroup section */

/* Begin PBXNativeTarget section */
		81CF77E12C75132800ACA807 /* Coins Converter */ = {
			isa = PBXNativeTarget;
			buildConfigurationList = 81CF77F02C75132B00ACA807 /* Build configuration list for PBXNativeTarget "Coins Converter" */;
			buildPhases = (
				81CF77DE2C75132800ACA807 /* Sources */,
				81CF77DF2C75132800ACA807 /* Frameworks */,
				81CF77E02C75132800ACA807 /* Resources */,
			);
			buildRules = (
			);
			dependencies = (
			);
			name = "Coins Converter";
			productName = "Coins Converter";
			productReference = 81CF77E22C75132800ACA807 /* Coins Converter.app */;
			productType = "com.apple.product-type.application";
		};
/* End PBXNativeTarget section */

/* Begin PBXProject section */
		81CF77DA2C75132800ACA807 /* Project object */ = {
			isa = PBXProject;
			attributes = {
				BuildIndependentTargetsInParallel = 1;
				LastSwiftUpdateCheck = 1540;
				LastUpgradeCheck = 1540;
				TargetAttributes = {
					81CF77E12C75132800ACA807 = {
						CreatedOnToolsVersion = 15.4;
					};
				};
			};
			buildConfigurationList = 81CF77DD2C75132800ACA807 /* Build configuration list for PBXProject "Coins Converter" */;
			compatibilityVersion = "Xcode 14.0";
			developmentRegion = en;
			hasScannedForEncodings = 0;
			knownRegions = (
				en,
				Base,
			);
			mainGroup = 81CF77D92C75132800ACA807;
			productRefGroup = 81CF77E32C75132800ACA807 /* Products */;
			projectDirPath = "";
			projectRoot = "";
			targets = (
				81CF77E12C75132800ACA807 /* Coins Converter */,
			);
		};
/* End PBXProject section */

/* Begin PBXResourcesBuildPhase section */
		81CF77E02C75132800ACA807 /* Resources */ = {
			isa = PBXResourcesBuildPhase;
			buildActionMask = 2147483647;
			files = (
				81CF77ED2C75132B00ACA807 /* Preview Assets.xcassets in Resources */,
				81CF77EA2C75132B00ACA807 /* Assets.xcassets in Resources */,
			);
			runOnlyForDeploymentPostprocessing = 0;
		};
/* End PBXResourcesBuildPhase section */

/* Begin PBXSourcesBuildPhase section */
		81CF77DE2C75132800ACA807 /* Sources */ = {
			isa = PBXSourcesBuildPhase;
			buildActionMask = 2147483647;
			files = (
				810CB0BB2C7636E400B3CBF4 /* IconGrid.swift in Sources */,
				81CF77F62C7531D400ACA807 /* ExchangeRate.swift in Sources */,
				810CB0B52C76181B00B3CBF4 /* SelectCurrency.swift in Sources */,
				81CF77F42C752D3400ACA807 /* ExchangeInfo.swift in Sources */,
				81CF77E82C75132800ACA807 /* ContentView.swift in Sources */,
				810CB0BD2C765AA700B3CBF4 /* CurrencyTip.swift in Sources */,
				81CF77E62C75132800ACA807 /* Coins_ConverterApp.swift in Sources */,
				810CB0B92C7628F500B3CBF4 /* Currency.swift in Sources */,
				810CB0B72C76202100B3CBF4 /* CurrencyIcon.swift in Sources */,
			);
			runOnlyForDeploymentPostprocessing = 0;
		};
/* End PBXSourcesBuildPhase section */

/* Begin XCBuildConfiguration section */
		81CF77EE2C75132B00ACA807 /* Debug */ = {
			isa = XCBuildConfiguration;
			buildSettings = {
				ALWAYS_SEARCH_USER_PATHS = NO;
				ASSETCATALOG_COMPILER_GENERATE_SWIFT_ASSET_SYMBOL_EXTENSIONS = YES;
				CLANG_ANALYZER_NONNULL = YES;
				CLANG_ANALYZER_NUMBER_OBJECT_CONVERSION = YES_AGGRESSIVE;
				CLANG_CXX_LANGUAGE_STANDARD = "gnu++20";
				CLANG_ENABLE_MODULES = YES;
				CLANG_ENABLE_OBJC_ARC = YES;
				CLANG_ENABLE_OBJC_WEAK = YES;
				CLANG_WARN_BLOCK_CAPTURE_AUTORELEASING = YES;
				CLANG_WARN_BOOL_CONVERSION = YES;
				CLANG_WARN_COMMA = YES;
				CLANG_WARN_CONSTANT_CONVERSION = YES;
				CLANG_WARN_DEPRECATED_OBJC_IMPLEMENTATIONS = YES;
				CLANG_WARN_DIRECT_OBJC_ISA_USAGE = YES_ERROR;
				CLANG_WARN_DOCUMENTATION_COMMENTS = YES;
				CLANG_WARN_EMPTY_BODY = YES;
				CLANG_WARN_ENUM_CONVERSION = YES;
				CLANG_WARN_INFINITE_RECURSION = YES;
				CLANG_WARN_INT_CONVERSION = YES;
				CLANG_WARN_NON_LITERAL_NULL_CONVERSION = YES;
				CLANG_WARN_OBJC_IMPLICIT_RETAIN_SELF = YES;
				CLANG_WARN_OBJC_LITERAL_CONVERSION = YES;
				CLANG_WARN_OBJC_ROOT_CLASS = YES_ERROR;
				CLANG_WARN_QUOTED_INCLUDE_IN_FRAMEWORK_HEADER = YES;
				CLANG_WARN_RANGE_LOOP_ANALYSIS = YES;
				CLANG_WARN_STRICT_PROTOTYPES = YES;
				CLANG_WARN_SUSPICIOUS_MOVE = YES;
				CLANG_WARN_UNGUARDED_AVAILABILITY = YES_AGGRESSIVE;
				CLANG_WARN_UNREACHABLE_CODE = YES;
				CLANG_WARN__DUPLICATE_METHOD_MATCH = YES;
				COPY_PHASE_STRIP = NO;
				DEBUG_INFORMATION_FORMAT = dwarf;
				ENABLE_STRICT_OBJC_MSGSEND = YES;
				ENABLE_TESTABILITY = YES;
				ENABLE_USER_SCRIPT_SANDBOXING = YES;
				GCC_C_LANGUAGE_STANDARD = gnu17;
				GCC_DYNAMIC_NO_PIC = NO;
				GCC_NO_COMMON_BLOCKS = YES;
				GCC_OPTIMIZATION_LEVEL = 0;
				GCC_PREPROCESSOR_DEFINITIONS = (
					"DEBUG=1",
					"$(inherited)",
				);
				GCC_WARN_64_TO_32_BIT_CONVERSION = YES;
				GCC_WARN_ABOUT_RETURN_TYPE = YES_ERROR;
				GCC_WARN_UNDECLARED_SELECTOR = YES;
				GCC_WARN_UNINITIALIZED_AUTOS = YES_AGGRESSIVE;
				GCC_WARN_UNUSED_FUNCTION = YES;
				GCC_WARN_UNUSED_VARIABLE = YES;
				IPHONEOS_DEPLOYMENT_TARGET = 17.5;
				LOCALIZATION_PREFERS_STRING_CATALOGS = YES;
				MTL_ENABLE_DEBUG_INFO = INCLUDE_SOURCE;
				MTL_FAST_MATH = YES;
				ONLY_ACTIVE_ARCH = YES;
				SDKROOT = iphoneos;
				SWIFT_ACTIVE_COMPILATION_CONDITIONS = "DEBUG $(inherited)";
				SWIFT_OPTIMIZATION_LEVEL = "-Onone";
			};
			name = Debug;
		};
		81CF77EF2C75132B00ACA807 /* Release */ = {
			isa = XCBuildConfiguration;
			buildSettings = {
				ALWAYS_SEARCH_USER_PATHS = NO;
				ASSETCATALOG_COMPILER_GENERATE_SWIFT_ASSET_SYMBOL_EXTENSIONS = YES;
				CLANG_ANALYZER_NONNULL = YES;
				CLANG_ANALYZER_NUMBER_OBJECT_CONVERSION = YES_AGGRESSIVE;
				CLANG_CXX_LANGUAGE_STANDARD = "gnu++20";
				CLANG_ENABLE_MODULES = YES;
				CLANG_ENABLE_OBJC_ARC = YES;
				CLANG_ENABLE_OBJC_WEAK = YES;
				CLANG_WARN_BLOCK_CAPTURE_AUTORELEASING = YES;
				CLANG_WARN_BOOL_CONVERSION = YES;
				CLANG_WARN_COMMA = YES;
				CLANG_WARN_CONSTANT_CONVERSION = YES;
				CLANG_WARN_DEPRECATED_OBJC_IMPLEMENTATIONS = YES;
				CLANG_WARN_DIRECT_OBJC_ISA_USAGE = YES_ERROR;
				CLANG_WARN_DOCUMENTATION_COMMENTS = YES;
				CLANG_WARN_EMPTY_BODY = YES;
				CLANG_WARN_ENUM_CONVERSION = YES;
				CLANG_WARN_INFINITE_RECURSION = YES;
				CLANG_WARN_INT_CONVERSION = YES;
				CLANG_WARN_NON_LITERAL_NULL_CONVERSION = YES;
				CLANG_WARN_OBJC_IMPLICIT_RETAIN_SELF = YES;
				CLANG_WARN_OBJC_LITERAL_CONVERSION = YES;
				CLANG_WARN_OBJC_ROOT_CLASS = YES_ERROR;
				CLANG_WARN_QUOTED_INCLUDE_IN_FRAMEWORK_HEADER = YES;
				CLANG_WARN_RANGE_LOOP_ANALYSIS = YES;
				CLANG_WARN_STRICT_PROTOTYPES = YES;
				CLANG_WARN_SUSPICIOUS_MOVE = YES;
				CLANG_WARN_UNGUARDED_AVAILABILITY = YES_AGGRESSIVE;
				CLANG_WARN_UNREACHABLE_CODE = YES;
				CLANG_WARN__DUPLICATE_METHOD_MATCH = YES;
				COPY_PHASE_STRIP = NO;
				DEBUG_INFORMATION_FORMAT = "dwarf-with-dsym";
				ENABLE_NS_ASSERTIONS = NO;
				ENABLE_STRICT_OBJC_MSGSEND = YES;
				ENABLE_USER_SCRIPT_SANDBOXING = YES;
				GCC_C_LANGUAGE_STANDARD = gnu17;
				GCC_NO_COMMON_BLOCKS = YES;
				GCC_WARN_64_TO_32_BIT_CONVERSION = YES;
				GCC_WARN_ABOUT_RETURN_TYPE = YES_ERROR;
				GCC_WARN_UNDECLARED_SELECTOR = YES;
				GCC_WARN_UNINITIALIZED_AUTOS = YES_AGGRESSIVE;
				GCC_WARN_UNUSED_FUNCTION = YES;
				GCC_WARN_UNUSED_VARIABLE = YES;
				IPHONEOS_DEPLOYMENT_TARGET = 17.5;
				LOCALIZATION_PREFERS_STRING_CATALOGS = YES;
				MTL_ENABLE_DEBUG_INFO = NO;
				MTL_FAST_MATH = YES;
				SDKROOT = iphoneos;
				SWIFT_COMPILATION_MODE = wholemodule;
				VALIDATE_PRODUCT = YES;
			};
			name = Release;
		};
		81CF77F12C75132B00ACA807 /* Debug */ = {
			isa = XCBuildConfiguration;
			buildSettings = {
				ASSETCATALOG_COMPILER_APPICON_NAME = AppIcon;
				ASSETCATALOG_COMPILER_GLOBAL_ACCENT_COLOR_NAME = AccentColor;
				CODE_SIGN_STYLE = Automatic;
				CURRENT_PROJECT_VERSION = 1;
				DEVELOPMENT_ASSET_PATHS = "\"Coins Converter/Preview Content\"";
				DEVELOPMENT_TEAM = 8JLP5GQ9A5;
				ENABLE_PREVIEWS = YES;
				GENERATE_INFOPLIST_FILE = YES;
				INFOPLIST_KEY_UIApplicationSceneManifest_Generation = YES;
				INFOPLIST_KEY_UIApplicationSupportsIndirectInputEvents = YES;
				INFOPLIST_KEY_UILaunchScreen_Generation = YES;
				INFOPLIST_KEY_UISupportedInterfaceOrientations_iPad = "UIInterfaceOrientationPortrait UIInterfaceOrientationPortraitUpsideDown UIInterfaceOrientationLandscapeLeft UIInterfaceOrientationLandscapeRight";
				INFOPLIST_KEY_UISupportedInterfaceOrientations_iPhone = "UIInterfaceOrientationPortrait UIInterfaceOrientationLandscapeLeft UIInterfaceOrientationLandscapeRight";
				LD_RUNPATH_SEARCH_PATHS = (
					"$(inherited)",
					"@executable_path/Frameworks",
				);
				MARKETING_VERSION = 1.0;
				PRODUCT_BUNDLE_IDENTIFIER = "com.Curso-IOS.Coins-Converter";
				PRODUCT_NAME = "$(TARGET_NAME)";
				SWIFT_EMIT_LOC_STRINGS = YES;
				SWIFT_VERSION = 5.0;
				TARGETED_DEVICE_FAMILY = "1,2";
			};
			name = Debug;
		};
		81CF77F22C75132B00ACA807 /* Release */ = {
			isa = XCBuildConfiguration;
			buildSettings = {
				ASSETCATALOG_COMPILER_APPICON_NAME = AppIcon;
				ASSETCATALOG_COMPILER_GLOBAL_ACCENT_COLOR_NAME = AccentColor;
				CODE_SIGN_STYLE = Automatic;
				CURRENT_PROJECT_VERSION = 1;
				DEVELOPMENT_ASSET_PATHS = "\"Coins Converter/Preview Content\"";
				DEVELOPMENT_TEAM = 8JLP5GQ9A5;
				ENABLE_PREVIEWS = YES;
				GENERATE_INFOPLIST_FILE = YES;
				INFOPLIST_KEY_UIApplicationSceneManifest_Generation = YES;
				INFOPLIST_KEY_UIApplicationSupportsIndirectInputEvents = YES;
				INFOPLIST_KEY_UILaunchScreen_Generation = YES;
				INFOPLIST_KEY_UISupportedInterfaceOrientations_iPad = "UIInterfaceOrientationPortrait UIInterfaceOrientationPortraitUpsideDown UIInterfaceOrientationLandscapeLeft UIInterfaceOrientationLandscapeRight";
				INFOPLIST_KEY_UISupportedInterfaceOrientations_iPhone = "UIInterfaceOrientationPortrait UIInterfaceOrientationLandscapeLeft UIInterfaceOrientationLandscapeRight";
				LD_RUNPATH_SEARCH_PATHS = (
					"$(inherited)",
					"@executable_path/Frameworks",
				);
				MARKETING_VERSION = 1.0;
				PRODUCT_BUNDLE_IDENTIFIER = "com.Curso-IOS.Coins-Converter";
				PRODUCT_NAME = "$(TARGET_NAME)";
				SWIFT_EMIT_LOC_STRINGS = YES;
				SWIFT_VERSION = 5.0;
				TARGETED_DEVICE_FAMILY = "1,2";
			};
			name = Release;
		};
/* End XCBuildConfiguration section */

/* Begin XCConfigurationList section */
		81CF77DD2C75132800ACA807 /* Build configuration list for PBXProject "Coins Converter" */ = {
			isa = XCConfigurationList;
			buildConfigurations = (
				81CF77EE2C75132B00ACA807 /* Debug */,
				81CF77EF2C75132B00ACA807 /* Release */,
			);
			defaultConfigurationIsVisible = 0;
			defaultConfigurationName = Release;
		};
		81CF77F02C75132B00ACA807 /* Build configuration list for PBXNativeTarget "Coins Converter" */ = {
			isa = XCConfigurationList;
			buildConfigurations = (
				81CF77F12C75132B00ACA807 /* Debug */,
				81CF77F22C75132B00ACA807 /* Release */,
			);
			defaultConfigurationIsVisible = 0;
			defaultConfigurationName = Release;
		};
/* End XCConfigurationList section */
	};
	rootObject = 81CF77DA2C75132800ACA807 /* Project object */;
}
